{
  "name": "TimeFadesPhoto",
  "lockfileVersion": 3,
  "requires": true,
  "packages": {
    "": {
      "dependencies": {
        "@fontsource/cormorant-garamond": "^5.3.0",
        "@fontsource/oswald": "^5.3.0",
        "@fontsource/playfair-display": "^5.3.0"
      }
    },
    "node_modules/@fontsource/cormorant-garamond": {
      "version": "5.3.0",
      "resolved": "https://registry.npmjs.org/@fontsource/cormorant-garamond/-/cormorant-garamond-5.3.0.tgz",
      "integrity": "sha512-weuGsCirGVWBWqpt6YUp0yLThTe4G8YO45noq8wxeJCRvEpq5lFrxNMFSTxcyOyV5k5otzJ8guDzYegdYlcLMQ==",
      "license": "OFL-1.1",
      "funding": {
        "url": "https://github.com/sponsors/ayuhito"
      }
    },
    "node_modules/@fontsource/oswald": {
      "version": "5.3.0",
      "resolved": "https://registry.npmjs.org/@fontsource/oswald/-/oswald-5.3.0.tgz",
      "integrity": "sha512-16r2aHActe0pH+9FLdk/74/YxXM7HpGak05kAzx3RvSToiJwGvyhv6GvckPz+YuZmvL1nxWbEop2jAXRcXYPRg==",
      "license": "OFL-1.1",
      "funding": {
        "url": "https://github.com/sponsors/ayuhito"
      }
    },
    "node_modules/@fontsource/playfair-display": {
      "version": "5.3.0",
      "resolved": "https://registry.npmjs.org/@fontsource/playfair-display/-/playfair-display-5.3.0.tgz",
      "integrity": "sha512-uJSABalvdWc10fEPppQjQocamT21LEyRfzzWfRfqbkPz+sRv+kKpYDKyluBUskvJREkJTos9epj1WjQROGu99Q==",
      "license": "OFL-1.1",
      "funding": {
        "url": "https://github.com/sponsors/ayuhito"
      }
    }
  }
}
